// !$*UTF8*$!
{
	archiveVersion = 1;
	classes = {
	};
	objectVersion = 50;
	objects = {

/* Begin PBXBuildFile section */
		EF5F1CED2153DB8E00A8D2F8 /* AppDelegate.swift in Sources */ = {isa = PBXBuildFile; fileRef = EF5F1CEC2153DB8E00A8D2F8 /* AppDelegate.swift */; };
		EF5F1CEF2153DB8E00A8D2F8 /* ViewController.swift in Sources */ = {isa = PBXBuildFile; fileRef = EF5F1CEE2153DB8E00A8D2F8 /* ViewController.swift */; };
		EF5F1CF22153DB8E00A8D2F8 /* Main.storyboard in Resources */ = {isa = PBXBuildFile; fileRef = EF5F1CF02153DB8E00A8D2F8 /* Main.storyboard */; };
		EF5F1CF42153DB8F00A8D2F8 /* Assets.xcassets in Resources */ = {isa = PBXBuildFile; fileRef = EF5F1CF32153DB8F00A8D2F8 /* Assets.xcassets */; };
		EF5F1CF72153DB8F00A8D2F8 /* LaunchScreen.storyboard in Resources */ = {isa = PBXBuildFile; fileRef = EF5F1CF52153DB8F00A8D2F8 /* LaunchScreen.storyboard */; };
		EF5F1D022153DB8F00A8D2F8 /* KataLogInLogOutSwiftTests.swift in Sources */ = {isa = PBXBuildFile; fileRef = EF5F1D012153DB8F00A8D2F8 /* KataLogInLogOutSwiftTests.swift */; };
		EF5F1D0D2153E0AD00A8D2F8 /* KataApp.swift in Sources */ = {isa = PBXBuildFile; fileRef = EF5F1D0C2153E0AD00A8D2F8 /* KataApp.swift */; };
		EF5F1D0F2153E67D00A8D2F8 /* Clock.swift in Sources */ = {isa = PBXBuildFile; fileRef = EF5F1D0E2153E67D00A8D2F8 /* Clock.swift */; };
/* End PBXBuildFile section */

/* Begin PBXContainerItemProxy section */
		EF5F1CFE2153DB8F00A8D2F8 /* PBXContainerItemProxy */ = {
			isa = PBXContainerItemProxy;
			containerPortal = EF5F1CE12153DB8E00A8D2F8 /* Project object */;
			proxyType = 1;
			remoteGlobalIDString = EF5F1CE82153DB8E00A8D2F8;
			remoteInfo = KataLogInLogOutSwift;
		};
/* End PBXContainerItemProxy section */

/* Begin PBXFileReference section */
		EF5F1CE92153DB8E00A8D2F8 /* KataLogInLogOutSwift.app */ = {isa = PBXFileReference; explicitFileType = wrapper.application; includeInIndex = 0; path = KataLogInLogOutSwift.app; sourceTree = BUILT_PRODUCTS_DIR; };
		EF5F1CEC2153DB8E00A8D2F8 /* AppDelegate.swift */ = {isa = PBXFileReference; lastKnownFileType = sourcecode.swift; path = AppDelegate.swift; sourceTree = "<group>"; };
		EF5F1CEE2153DB8E00A8D2F8 /* ViewController.swift */ = {isa = PBXFileReference; lastKnownFileType = sourcecode.swift; path = ViewController.swift; sourceTree = "<group>"; };
		EF5F1CF12153DB8E00A8D2F8 /* Base */ = {isa = PBXFileReference; lastKnownFileType = file.storyboard; name = Base; path = Base.lproj/Main.storyboard; sourceTree = "<group>"; };
		EF5F1CF32153DB8F00A8D2F8 /* Assets.xcassets */ = {isa = PBXFileReference; lastKnownFileType = folder.assetcatalog; path = Assets.xcassets; sourceTree = "<group>"; };
		EF5F1CF62153DB8F00A8D2F8 /* Base */ = {isa = PBXFileReference; lastKnownFileType = file.storyboard; name = Base; path = Base.lproj/LaunchScreen.storyboard; sourceTree = "<group>"; };
		EF5F1CF82153DB8F00A8D2F8 /* Info.plist */ = {isa = PBXFileReference; lastKnownFileType = text.plist.xml; path = Info.plist; sourceTree = "<group>"; };
		EF5F1CFD2153DB8F00A8D2F8 /* KataLogInLogOutSwiftTests.xctest */ = {isa = PBXFileReference; explicitFileType = wrapper.cfbundle; includeInIndex = 0; path = KataLogInLogOutSwiftTests.xctest; sourceTree = BUILT_PRODUCTS_DIR; };
		EF5F1D012153DB8F00A8D2F8 /* KataLogInLogOutSwiftTests.swift */ = {isa = PBXFileReference; lastKnownFileType = sourcecode.swift; path = KataLogInLogOutSwiftTests.swift; sourceTree = "<group>"; };
		EF5F1D032153DB8F00A8D2F8 /* Info.plist */ = {isa = PBXFileReference; lastKnownFileType = text.plist.xml; path = Info.plist; sourceTree = "<group>"; };
		EF5F1D0C2153E0AD00A8D2F8 /* KataApp.swift */ = {isa = PBXFileReference; lastKnownFileType = sourcecode.swift; path = KataApp.swift; sourceTree = "<group>"; };
		EF5F1D0E2153E67D00A8D2F8 /* Clock.swift */ = {isa = PBXFileReference; lastKnownFileType = sourcecode.swift; path = Clock.swift; sourceTree = "<group>"; };
/* End PBXFileReference section */

/* Begin PBXFrameworksBuildPhase section */
		EF5F1CE62153DB8E00A8D2F8 /* Frameworks */ = {
			isa = PBXFrameworksBuildPhase;
			buildActionMask = 2147483647;
			files = (
			);
			runOnlyForDeploymentPostprocessing = 0;
		};
		EF5F1CFA2153DB8F00A8D2F8 /* Frameworks */ = {
			isa = PBXFrameworksBuildPhase;
			buildActionMask = 2147483647;
			files = (
			);
			runOnlyForDeploymentPostprocessing = 0;
		};
/* End PBXFrameworksBuildPhase section */

/* Begin PBXGroup section */
		EF5F1CE02153DB8E00A8D2F8 = {
			isa = PBXGroup;
			children = (
				EF5F1CEB2153DB8E00A8D2F8 /* KataLogInLogOutSwift */,
				EF5F1D002153DB8F00A8D2F8 /* KataLogInLogOutSwiftTests */,
				EF5F1CEA2153DB8E00A8D2F8 /* Products */,
			);
			sourceTree = "<group>";
		};
		EF5F1CEA2153DB8E00A8D2F8 /* Products */ = {
			isa = PBXGroup;
			children = (
				EF5F1CE92153DB8E00A8D2F8 /* KataLogInLogOutSwift.app */,
				EF5F1CFD2153DB8F00A8D2F8 /* KataLogInLogOutSwiftTests.xctest */,
			);
			name = Products;
			sourceTree = "<group>";
		};
		EF5F1CEB2153DB8E00A8D2F8 /* KataLogInLogOutSwift */ = {
			isa = PBXGroup;
			children = (
				EF5F1CEC2153DB8E00A8D2F8 /* AppDelegate.swift */,
				EF5F1D0C2153E0AD00A8D2F8 /* KataApp.swift */,
				EF5F1CEE2153DB8E00A8D2F8 /* ViewController.swift */,
				EF5F1CF02153DB8E00A8D2F8 /* Main.storyboard */,
				EF5F1CF32153DB8F00A8D2F8 /* Assets.xcassets */,
				EF5F1CF52153DB8F00A8D2F8 /* LaunchScreen.storyboard */,
				EF5F1CF82153DB8F00A8D2F8 /* Info.plist */,
				EF5F1D0E2153E67D00A8D2F8 /* Clock.swift */,
			);
			path = KataLogInLogOutSwift;
			sourceTree = "<group>";
		};
		EF5F1D002153DB8F00A8D2F8 /* KataLogInLogOutSwiftTests */ = {
			isa = PBXGroup;
			children = (
				EF5F1D012153DB8F00A8D2F8 /* KataLogInLogOutSwiftTests.swift */,
				EF5F1D032153DB8F00A8D2F8 /* Info.plist */,
			);
			path = KataLogInLogOutSwiftTests;
			sourceTree = "<group>";
		};
/* End PBXGroup section */

/* Begin PBXNativeTarget section */
		EF5F1CE82153DB8E00A8D2F8 /* KataLogInLogOutSwift */ = {
			isa = PBXNativeTarget;
			buildConfigurationList = EF5F1D062153DB8F00A8D2F8 /* Build configuration list for PBXNativeTarget "KataLogInLogOutSwift" */;
			buildPhases = (
				EF5F1CE52153DB8E00A8D2F8 /* Sources */,
				EF5F1CE62153DB8E00A8D2F8 /* Frameworks */,
				EF5F1CE72153DB8E00A8D2F8 /* Resources */,
			);
			buildRules = (
			);
			dependencies = (
			);
			name = KataLogInLogOutSwift;
			productName = KataLogInLogOutSwift;
			productReference = EF5F1CE92153DB8E00A8D2F8 /* KataLogInLogOutSwift.app */;
			productType = "com.apple.product-type.application";
		};
		EF5F1CFC2153DB8F00A8D2F8 /* KataLogInLogOutSwiftTests */ = {
			isa = PBXNativeTarget;
			buildConfigurationList = EF5F1D092153DB8F00A8D2F8 /* Build configuration list for PBXNativeTarget "KataLogInLogOutSwiftTests" */;
			buildPhases = (
				EF5F1CF92153DB8F00A8D2F8 /* Sources */,
				EF5F1CFA2153DB8F00A8D2F8 /* Frameworks */,
				EF5F1CFB2153DB8F00A8D2F8 /* Resources */,
			);
			buildRules = (
			);
			dependencies = (
				EF5F1CFF2153DB8F00A8D2F8 /* PBXTargetDependency */,
			);
			name = KataLogInLogOutSwiftTests;
			productName = KataLogInLogOutSwiftTests;
			productReference = EF5F1CFD2153DB8F00A8D2F8 /* KataLogInLogOutSwiftTests.xctest */;
			productType = "com.apple.product-type.bundle.unit-test";
		};
/* End PBXNativeTarget section */

/* Begin PBXProject section */
		EF5F1CE12153DB8E00A8D2F8 /* Project object */ = {
			isa = PBXProject;
			attributes = {
				LastSwiftUpdateCheck = 0940;
				LastUpgradeCheck = 0940;
				ORGANIZATIONNAME = prueba;
				TargetAttributes = {
					EF5F1CE82153DB8E00A8D2F8 = {
						CreatedOnToolsVersion = 9.4.1;
					};
					EF5F1CFC2153DB8F00A8D2F8 = {
						CreatedOnToolsVersion = 9.4.1;
						TestTargetID = EF5F1CE82153DB8E00A8D2F8;
					};
				};
			};
			buildConfigurationList = EF5F1CE42153DB8E00A8D2F8 /* Build configuration list for PBXProject "KataLogInLogOutSwift" */;
			compatibilityVersion = "Xcode 9.3";
			developmentRegion = en;
			hasScannedForEncodings = 0;
			knownRegions = (
				en,
				Base,
			);
			mainGroup = EF5F1CE02153DB8E00A8D2F8;
			productRefGroup = EF5F1CEA2153DB8E00A8D2F8 /* Products */;
			projectDirPath = "";
			projectRoot = "";
			targets = (
				EF5F1CE82153DB8E00A8D2F8 /* KataLogInLogOutSwift */,
				EF5F1CFC2153DB8F00A8D2F8 /* KataLogInLogOutSwiftTests */,
			);
		};
/* End PBXProject section */

/* Begin PBXResourcesBuildPhase section */
		EF5F1CE72153DB8E00A8D2F8 /* Resources */ = {
			isa = PBXResourcesBuildPhase;
			buildActionMask = 2147483647;
			files = (
				EF5F1CF72153DB8F00A8D2F8 /* LaunchScreen.storyboard in Resources */,
				EF5F1CF42153DB8F00A8D2F8 /* Assets.xcassets in Resources */,
				EF5F1CF22153DB8E00A8D2F8 /* Main.storyboard in Resources */,
			);
			runOnlyForDeploymentPostprocessing = 0;
		};
		EF5F1CFB2153DB8F00A8D2F8 /* Resources */ = {
			isa = PBXResourcesBuildPhase;
			buildActionMask = 2147483647;
			files = (
			);
			runOnlyForDeploymentPostprocessing = 0;
		};
/* End PBXResourcesBuildPhase section */

/* Begin PBXSourcesBuildPhase section */
		EF5F1CE52153DB8E00A8D2F8 /* Sources */ = {
			isa = PBXSourcesBuildPhase;
			buildActionMask = 2147483647;
			files = (
				EF5F1CEF2153DB8E00A8D2F8 /* ViewController.swift in Sources */,
				EF5F1D0D2153E0AD00A8D2F8 /* KataApp.swift in Sources */,
				EF5F1D0F2153E67D00A8D2F8 /* Clock.swift in Sources */,
				EF5F1CED2153DB8E00A8D2F8 /* AppDelegate.swift in Sources */,
			);
			runOnlyForDeploymentPostprocessing = 0;
		};
		EF5F1CF92153DB8F00A8D2F8 /* Sources */ = {
			isa = PBXSourcesBuildPhase;
			buildActionMask = 2147483647;
			files = (
				EF5F1D022153DB8F00A8D2F8 /* KataLogInLogOutSwiftTests.swift in Sources */,
			);
			runOnlyForDeploymentPostprocessing = 0;
		};
/* End PBXSourcesBuildPhase section */

/* Begin PBXTargetDependency section */
		EF5F1CFF2153DB8F00A8D2F8 /* PBXTargetDependency */ = {
			isa = PBXTargetDependency;
			target = EF5F1CE82153DB8E00A8D2F8 /* KataLogInLogOutSwift */;
			targetProxy = EF5F1CFE2153DB8F00A8D2F8 /* PBXContainerItemProxy */;
		};
/* End PBXTargetDependency section */

/* Begin PBXVariantGroup section */
		EF5F1CF02153DB8E00A8D2F8 /* Main.storyboard */ = {
			isa = PBXVariantGroup;
			children = (
				EF5F1CF12153DB8E00A8D2F8 /* Base */,
			);
			name = Main.storyboard;
			sourceTree = "<group>";
		};
		EF5F1CF52153DB8F00A8D2F8 /* LaunchScreen.storyboard */ = {
			isa = PBXVariantGroup;
			children = (
				EF5F1CF62153DB8F00A8D2F8 /* Base */,
			);
			name = LaunchScreen.storyboard;
			sourceTree = "<group>";
		};
/* End PBXVariantGroup section */

/* Begin XCBuildConfiguration section */
		EF5F1D042153DB8F00A8D2F8 /* Debug */ = {
			isa = XCBuildConfiguration;
			buildSettings = {
				ALWAYS_SEARCH_USER_PATHS = NO;
				CLANG_ANALYZER_NONNULL = YES;
				CLANG_ANALYZER_NUMBER_OBJECT_CONVERSION = YES_AGGRESSIVE;
				CLANG_CXX_LANGUAGE_STANDARD = "gnu++14";
				CLANG_CXX_LIBRARY = "libc++";
				CLANG_ENABLE_MODULES = YES;
				CLANG_ENABLE_OBJC_ARC = YES;
				CLANG_ENABLE_OBJC_WEAK = YES;
				CLANG_WARN_BLOCK_CAPTURE_AUTORELEASING = YES;
				CLANG_WARN_BOOL_CONVERSION = YES;
				CLANG_WARN_COMMA = YES;
				CLANG_WARN_CONSTANT_CONVERSION = YES;
				CLANG_WARN_DEPRECATED_OBJC_IMPLEMENTATIONS = YES;
				CLANG_WARN_DIRECT_OBJC_ISA_USAGE = YES_ERROR;
				CLANG_WARN_DOCUMENTATION_COMMENTS = YES;
				CLANG_WARN_EMPTY_BODY = YES;
				CLANG_WARN_ENUM_CONVERSION = YES;
				CLANG_WARN_INFINITE_RECURSION = YES;
				CLANG_WARN_INT_CONVERSION = YES;
				CLANG_WARN_NON_LITERAL_NULL_CONVERSION = YES;
				CLANG_WARN_OBJC_IMPLICIT_RETAIN_SELF = YES;
				CLANG_WARN_OBJC_LITERAL_CONVERSION = YES;
				CLANG_WARN_OBJC_ROOT_CLASS = YES_ERROR;
				CLANG_WARN_RANGE_LOOP_ANALYSIS = YES;
				CLANG_WARN_STRICT_PROTOTYPES = YES;
				CLANG_WARN_SUSPICIOUS_MOVE = YES;
				CLANG_WARN_UNGUARDED_AVAILABILITY = YES_AGGRESSIVE;
				CLANG_WARN_UNREACHABLE_CODE = YES;
				CLANG_WARN__DUPLICATE_METHOD_MATCH = YES;
				CODE_SIGN_IDENTITY = "iPhone Developer";
				COPY_PHASE_STRIP = NO;
				DEBUG_INFORMATION_FORMAT = dwarf;
				ENABLE_STRICT_OBJC_MSGSEND = YES;
				ENABLE_TESTABILITY = YES;
				GCC_C_LANGUAGE_STANDARD = gnu11;
				GCC_DYNAMIC_NO_PIC = NO;
				GCC_NO_COMMON_BLOCKS = YES;
				GCC_OPTIMIZATION_LEVEL = 0;
				GCC_PREPROCESSOR_DEFINITIONS = (
					"DEBUG=1",
					"$(inherited)",
				);
				GCC_WARN_64_TO_32_BIT_CONVERSION = YES;
				GCC_WARN_ABOUT_RETURN_TYPE = YES_ERROR;
				GCC_WARN_UNDECLARED_SELECTOR = YES;
				GCC_WARN_UNINITIALIZED_AUTOS = YES_AGGRESSIVE;
				GCC_WARN_UNUSED_FUNCTION = YES;
				GCC_WARN_UNUSED_VARIABLE = YES;
				IPHONEOS_DEPLOYMENT_TARGET = 11.4;
				MTL_ENABLE_DEBUG_INFO = YES;
				ONLY_ACTIVE_ARCH = YES;
				SDKROOT = iphoneos;
				SWIFT_ACTIVE_COMPILATION_CONDITIONS = DEBUG;
				SWIFT_OPTIMIZATION_LEVEL = "-Onone";
			};
			name = Debug;
		};
		EF5F1D052153DB8F00A8D2F8 /* Release */ = {
			isa = XCBuildConfiguration;
			buildSettings = {
				ALWAYS_SEARCH_USER_PATHS = NO;
				CLANG_ANALYZER_NONNULL = YES;
				CLANG_ANALYZER_NUMBER_OBJECT_CONVERSION = YES_AGGRESSIVE;
				CLANG_CXX_LANGUAGE_STANDARD = "gnu++14";
				CLANG_CXX_LIBRARY = "libc++";
				CLANG_ENABLE_MODULES = YES;
				CLANG_ENABLE_OBJC_ARC = YES;
				CLANG_ENABLE_OBJC_WEAK = YES;
				CLANG_WARN_BLOCK_CAPTURE_AUTORELEASING = YES;
				CLANG_WARN_BOOL_CONVERSION = YES;
				CLANG_WARN_COMMA = YES;
				CLANG_WARN_CONSTANT_CONVERSION = YES;
				CLANG_WARN_DEPRECATED_OBJC_IMPLEMENTATIONS = YES;
				CLANG_WARN_DIRECT_OBJC_ISA_USAGE = YES_ERROR;
				CLANG_WARN_DOCUMENTATION_COMMENTS = YES;
				CLANG_WARN_EMPTY_BODY = YES;
				CLANG_WARN_ENUM_CONVERSION = YES;
				CLANG_WARN_INFINITE_RECURSION = YES;
				CLANG_WARN_INT_CONVERSION = YES;
				CLANG_WARN_NON_LITERAL_NULL_CONVERSION = YES;
				CLANG_WARN_OBJC_IMPLICIT_RETAIN_SELF = YES;
				CLANG_WARN_OBJC_LITERAL_CONVERSION = YES;
				CLANG_WARN_OBJC_ROOT_CLASS = YES_ERROR;
				CLANG_WARN_RANGE_LOOP_ANALYSIS = YES;
				CLANG_WARN_STRICT_PROTOTYPES = YES;
				CLANG_WARN_SUSPICIOUS_MOVE = YES;
				CLANG_WARN_UNGUARDED_AVAILABILITY = YES_AGGRESSIVE;
				CLANG_WARN_UNREACHABLE_CODE = YES;
				CLANG_WARN__DUPLICATE_METHOD_MATCH = YES;
				CODE_SIGN_IDENTITY = "iPhone Developer";
				COPY_PHASE_STRIP = NO;
				DEBUG_INFORMATION_FORMAT = "dwarf-with-dsym";
				ENABLE_NS_ASSERTIONS = NO;
				ENABLE_STRICT_OBJC_MSGSEND = YES;
				GCC_C_LANGUAGE_STANDARD = gnu11;
				GCC_NO_COMMON_BLOCKS = YES;
				GCC_WARN_64_TO_32_BIT_CONVERSION = YES;
				GCC_WARN_ABOUT_RETURN_TYPE = YES_ERROR;
				GCC_WARN_UNDECLARED_SELECTOR = YES;
				GCC_WARN_UNINITIALIZED_AUTOS = YES_AGGRESSIVE;
				GCC_WARN_UNUSED_FUNCTION = YES;
				GCC_WARN_UNUSED_VARIABLE = YES;
				IPHONEOS_DEPLOYMENT_TARGET = 11.4;
				MTL_ENABLE_DEBUG_INFO = NO;
				SDKROOT = iphoneos;
				SWIFT_COMPILATION_MODE = wholemodule;
				SWIFT_OPTIMIZATION_LEVEL = "-O";
				VALIDATE_PRODUCT = YES;
			};
			name = Release;
		};
		EF5F1D072153DB8F00A8D2F8 /* Debug */ = {
			isa = XCBuildConfiguration;
			buildSettings = {
				ASSETCATALOG_COMPILER_APPICON_NAME = AppIcon;
				CODE_SIGN_STYLE = Automatic;
				DEVELOPMENT_TEAM = DU53BN6DV9;
				INFOPLIST_FILE = KataLogInLogOutSwift/Info.plist;
				LD_RUNPATH_SEARCH_PATHS = (
					"$(inherited)",
					"@executable_path/Frameworks",
				);
				PRODUCT_BUNDLE_IDENTIFIER = prueba.KataLogInLogOutSwift;
				PRODUCT_NAME = "$(TARGET_NAME)";
				SWIFT_VERSION = 4.0;
				TARGETED_DEVICE_FAMILY = "1,2";
			};
			name = Debug;
		};
		EF5F1D082153DB8F00A8D2F8 /* Release */ = {
			isa = XCBuildConfiguration;
			buildSettings = {
				ASSETCATALOG_COMPILER_APPICON_NAME = AppIcon;
				CODE_SIGN_STYLE = Automatic;
				DEVELOPMENT_TEAM = DU53BN6DV9;
				INFOPLIST_FILE = KataLogInLogOutSwift/Info.plist;
				LD_RUNPATH_SEARCH_PATHS = (
					"$(inherited)",
					"@executable_path/Frameworks",
				);
				PRODUCT_BUNDLE_IDENTIFIER = prueba.KataLogInLogOutSwift;
				PRODUCT_NAME = "$(TARGET_NAME)";
				SWIFT_VERSION = 4.0;
				TARGETED_DEVICE_FAMILY = "1,2";
			};
			name = Release;
		};
		EF5F1D0A2153DB8F00A8D2F8 /* Debug */ = {
			isa = XCBuildConfiguration;
			buildSettings = {
				ALWAYS_EMBED_SWIFT_STANDARD_LIBRARIES = YES;
				BUNDLE_LOADER = "$(TEST_HOST)";
				CODE_SIGN_STYLE = Automatic;
				DEVELOPMENT_TEAM = DU53BN6DV9;
				INFOPLIST_FILE = KataLogInLogOutSwiftTests/Info.plist;
				LD_RUNPATH_SEARCH_PATHS = (
					"$(inherited)",
					"@executable_path/Frameworks",
					"@loader_path/Frameworks",
				);
				PRODUCT_BUNDLE_IDENTIFIER = prueba.KataLogInLogOutSwiftTests;
				PRODUCT_NAME = "$(TARGET_NAME)";
				SWIFT_VERSION = 4.0;
				TARGETED_DEVICE_FAMILY = "1,2";
				TEST_HOST = "$(BUILT_PRODUCTS_DIR)/KataLogInLogOutSwift.app/KataLogInLogOutSwift";
			};
			name = Debug;
		};
		EF5F1D0B2153DB8F00A8D2F8 /* Release */ = {
			isa = XCBuildConfiguration;
			buildSettings = {
				ALWAYS_EMBED_SWIFT_STANDARD_LIBRARIES = YES;
				BUNDLE_LOADER = "$(TEST_HOST)";
				CODE_SIGN_STYLE = Automatic;
				DEVELOPMENT_TEAM = DU53BN6DV9;
				INFOPLIST_FILE = KataLogInLogOutSwiftTests/Info.plist;
				LD_RUNPATH_SEARCH_PATHS = (
					"$(inherited)",
					"@executable_path/Frameworks",
					"@loader_path/Frameworks",
				);
				PRODUCT_BUNDLE_IDENTIFIER = prueba.KataLogInLogOutSwiftTests;
				PRODUCT_NAME = "$(TARGET_NAME)";
				SWIFT_VERSION = 4.0;
				TARGETED_DEVICE_FAMILY = "1,2";
				TEST_HOST = "$(BUILT_PRODUCTS_DIR)/KataLogInLogOutSwift.app/KataLogInLogOutSwift";
			};
			name = Release;
		};
/* End XCBuildConfiguration section */

/* Begin XCConfigurationList section */
		EF5F1CE42153DB8E00A8D2F8 /* Build configuration list for PBXProject "KataLogInLogOutSwift" */ = {
			isa = XCConfigurationList;
			buildConfigurations = (
				EF5F1D042153DB8F00A8D2F8 /* Debug */,
				EF5F1D052153DB8F00A8D2F8 /* Release */,
			);
			defaultConfigurationIsVisible = 0;
			defaultConfigurationName = Release;
		};
		EF5F1D062153DB8F00A8D2F8 /* Build configuration list for PBXNativeTarget "KataLogInLogOutSwift" */ = {
			isa = XCConfigurationList;
			buildConfigurations = (
				EF5F1D072153DB8F00A8D2F8 /* Debug */,
				EF5F1D082153DB8F00A8D2F8 /* Release */,
			);
			defaultConfigurationIsVisible = 0;
			defaultConfigurationName = Release;
		};
		EF5F1D092153DB8F00A8D2F8 /* Build configuration list for PBXNativeTarget "KataLogInLogOutSwiftTests" */ = {
			isa = XCConfigurationList;
			buildConfigurations = (
				EF5F1D0A2153DB8F00A8D2F8 /* Debug */,
				EF5F1D0B2153DB8F00A8D2F8 /* Release */,
			);
			defaultConfigurationIsVisible = 0;
			defaultConfigurationName = Release;
		};
/* End XCConfigurationList section */
	};
	rootObject = EF5F1CE12153DB8E00A8D2F8 /* Project object */;
}
